
Microsoft Visual Studio Solution File, Format Version 12.00
# Visual Studio 14
VisualStudioVersion = 14.0.25420.1
MinimumVisualStudioVersion = 10.0.40219.1
Project("{FAE04EC0-301F-11D3-BF4B-00C04F79EFBC}") = "Cy_Connection_Client", "Cy_Connection_Client\Cy_Connection_Client.csproj", "{F87DEB41-6BE9-451E-BCE1-9A4F59BE8BCF}"
EndProject
Project("{FAE04EC0-301F-11D3-BF4B-00C04F79EFBC}") = "Cy_Connection_Sever", "Cy_Connection_Sever\Cy_Connection_Sever.csproj", "{573E4020-058F-4A98-BD02-840B1352EAA5}"
EndProject
Project("{FAE04EC0-301F-11D3-BF4B-00C04F79EFBC}") = "Sever", "Sever\Sever.csproj", "{2F9974A5-F08F-473D-97BC-8D546098116A}"
EndProject
Project("{FAE04EC0-301F-11D3-BF4B-00C04F79EFBC}") = "Clients", "Clients\Clients.csproj", "{95271567-B7F6-46AB-8078-384C10EEB62E}"
EndProject
Global
	GlobalSection(SolutionConfigurationPlatforms) = preSolution
		Debug|Any CPU = Debug|Any CPU
		Release|Any CPU = Release|Any CPU
	EndGlobalSection
	GlobalSection(ProjectConfigurationPlatforms) = postSolution
		{F87DEB41-6BE9-451E-BCE1-9A4F59BE8BCF}.Debug|Any CPU.ActiveCfg = Debug|Any CPU
		{F87DEB41-6BE9-451E-BCE1-9A4F59BE8BCF}.Debug|Any CPU.Build.0 = Debug|Any CPU
		{F87DEB41-6BE9-451E-BCE1-9A4F59BE8BCF}.Release|Any CPU.ActiveCfg = Release|Any CPU
		{F87DEB41-6BE9-451E-BCE1-9A4F59BE8BCF}.Release|Any CPU.Build.0 = Release|Any CPU
		{573E4020-058F-4A98-BD02-840B1352EAA5}.Debug|Any CPU.ActiveCfg = Debug|Any CPU
		{573E4020-058F-4A98-BD02-840B1352EAA5}.Debug|Any CPU.Build.0 = Debug|Any CPU
		{573E4020-058F-4A98-BD02-840B1352EAA5}.Release|Any CPU.ActiveCfg = Release|Any CPU
		{573E4020-058F-4A98-BD02-840B1352EAA5}.Release|Any CPU.Build.0 = Release|Any CPU
		{2F9974A5-F08F-473D-97BC-8D546098116A}.Debug|Any CPU.ActiveCfg = Debug|Any CPU
		{2F9974A5-F08F-473D-97BC-8D546098116A}.Debug|Any CPU.Build.0 = Debug|Any CPU
		{2F9974A5-F08F-473D-97BC-8D546098116A}.Release|Any CPU.ActiveCfg = Release|Any CPU
		{2F9974A5-F08F-473D-97BC-8D546098116A}.Release|Any CPU.Build.0 = Release|Any CPU
		{95271567-B7F6-46AB-8078-384C10EEB62E}.Debug|Any CPU.ActiveCfg = Debug|Any CPU
		{95271567-B7F6-46AB-8078-384C10EEB62E}.Debug|Any CPU.Build.0 = Debug|Any CPU
		{95271567-B7F6-46AB-8078-384C10EEB62E}.Release|Any CPU.ActiveCfg = Release|Any CPU
		{95271567-B7F6-46AB-8078-384C10EEB62E}.Release|Any CPU.Build.0 = Release|Any CPU
	EndGlobalSection
	GlobalSection(SolutionProperties) = preSolution
		HideSolutionNode = FALSE
	EndGlobalSection
EndGlobal
